
Microsoft Visual Studio Solution File, Format Version 12.00
# Visual Studio 14
VisualStudioVersion = 14.0.25123.0
MinimumVisualStudioVersion = 10.0.40219.1
Project("{FAE04EC0-301F-11D3-BF4B-00C04F79EFBC}") = "GamerSky", "GamerSky\GamerSky.csproj", "{2F2179CB-AD69-4A42-B1FD-8A3BF7297CE1}"
EndProject
Project("{FAE04EC0-301F-11D3-BF4B-00C04F79EFBC}") = "GamerSky.Background", "GamerSky.Background\GamerSky.Background.csproj", "{D2630736-06DC-4D3F-84A3-EC71AF1B4856}"
EndProject
Project("{FAE04EC0-301F-11D3-BF4B-00C04F79EFBC}") = "GamerSky.Core", "GamerSky.Core\GamerSky.Core.csproj", "{83A0C09A-0CC8-4238-9165-60C079924BDE}"
EndProject
Global
	GlobalSection(SolutionConfigurationPlatforms) = preSolution
		Debug|Any CPU = Debug|Any CPU
		Debug|ARM = Debug|ARM
		Debug|x64 = Debug|x64
		Debug|x86 = Debug|x86
		Release|Any CPU = Release|Any CPU
		Release|ARM = Release|ARM
		Release|x64 = Release|x64
		Release|x86 = Release|x86
	EndGlobalSection
	GlobalSection(ProjectConfigurationPlatforms) = postSolution
		{2F2179CB-AD69-4A42-B1FD-8A3BF7297CE1}.Debug|Any CPU.ActiveCfg = Debug|x86
		{2F2179CB-AD69-4A42-B1FD-8A3BF7297CE1}.Debug|ARM.ActiveCfg = Debug|ARM
		{2F2179CB-AD69-4A42-B1FD-8A3BF7297CE1}.Debug|ARM.Build.0 = Debug|ARM
		{2F2179CB-AD69-4A42-B1FD-8A3BF7297CE1}.Debug|ARM.Deploy.0 = Debug|ARM
		{2F2179CB-AD69-4A42-B1FD-8A3BF7297CE1}.Debug|x64.ActiveCfg = Debug|x64
		{2F2179CB-AD69-4A42-B1FD-8A3BF7297CE1}.Debug|x64.Build.0 = Debug|x64
		{2F2179CB-AD69-4A42-B1FD-8A3BF7297CE1}.Debug|x64.Deploy.0 = Debug|x64
		{2F2179CB-AD69-4A42-B1FD-8A3BF7297CE1}.Debug|x86.ActiveCfg = Debug|x86
		{2F2179CB-AD69-4A42-B1FD-8A3BF7297CE1}.Debug|x86.Build.0 = Debug|x86
		{2F2179CB-AD69-4A42-B1FD-8A3BF7297CE1}.Debug|x86.Deploy.0 = Debug|x86
		{2F2179CB-AD69-4A42-B1FD-8A3BF7297CE1}.Release|Any CPU.ActiveCfg = Release|x86
		{2F2179CB-AD69-4A42-B1FD-8A3BF7297CE1}.Release|ARM.ActiveCfg = Release|ARM
		{2F2179CB-AD69-4A42-B1FD-8A3BF7297CE1}.Release|ARM.Build.0 = Release|ARM
		{2F2179CB-AD69-4A42-B1FD-8A3BF7297CE1}.Release|ARM.Deploy.0 = Release|ARM
		{2F2179CB-AD69-4A42-B1FD-8A3BF7297CE1}.Release|x64.ActiveCfg = Release|x64
		{2F2179CB-AD69-4A42-B1FD-8A3BF7297CE1}.Release|x64.Build.0 = Release|x64
		{2F2179CB-AD69-4A42-B1FD-8A3BF7297CE1}.Release|x64.Deploy.0 = Release|x64
		{2F2179CB-AD69-4A42-B1FD-8A3BF7297CE1}.Release|x86.ActiveCfg = Release|x86
		{2F2179CB-AD69-4A42-B1FD-8A3BF7297CE1}.Release|x86.Build.0 = Release|x86
		{2F2179CB-AD69-4A42-B1FD-8A3BF7297CE1}.Release|x86.Deploy.0 = Release|x86
		{D2630736-06DC-4D3F-84A3-EC71AF1B4856}.Debug|Any CPU.ActiveCfg = Debug|Any CPU
		{D2630736-06DC-4D3F-84A3-EC71AF1B4856}.Debug|Any CPU.Build.0 = Debug|Any CPU
		{D2630736-06DC-4D3F-84A3-EC71AF1B4856}.Debug|ARM.ActiveCfg = Debug|ARM
		{D2630736-06DC-4D3F-84A3-EC71AF1B4856}.Debug|ARM.Build.0 = Debug|ARM
		{D2630736-06DC-4D3F-84A3-EC71AF1B4856}.Debug|x64.ActiveCfg = Debug|x64
		{D2630736-06DC-4D3F-84A3-EC71AF1B4856}.Debug|x64.Build.0 = Debug|x64
		{D2630736-06DC-4D3F-84A3-EC71AF1B4856}.Debug|x86.ActiveCfg = Debug|x86
		{D2630736-06DC-4D3F-84A3-EC71AF1B4856}.Debug|x86.Build.0 = Debug|x86
		{D2630736-06DC-4D3F-84A3-EC71AF1B4856}.Release|Any CPU.ActiveCfg = Release|Any CPU
		{D2630736-06DC-4D3F-84A3-EC71AF1B4856}.Release|Any CPU.Build.0 = Release|Any CPU
		{D2630736-06DC-4D3F-84A3-EC71AF1B4856}.Release|ARM.ActiveCfg = Release|ARM
		{D2630736-06DC-4D3F-84A3-EC71AF1B4856}.Release|ARM.Build.0 = Release|ARM
		{D2630736-06DC-4D3F-84A3-EC71AF1B4856}.Release|x64.ActiveCfg = Release|x64
		{D2630736-06DC-4D3F-84A3-EC71AF1B4856}.Release|x64.Build.0 = Release|x64
		{D2630736-06DC-4D3F-84A3-EC71AF1B4856}.Release|x86.ActiveCfg = Release|x86
		{D2630736-06DC-4D3F-84A3-EC71AF1B4856}.Release|x86.Build.0 = Release|x86
		{83A0C09A-0CC8-4238-9165-60C079924BDE}.Debug|Any CPU.ActiveCfg = Debug|Any CPU
		{83A0C09A-0CC8-4238-9165-60C079924BDE}.Debug|Any CPU.Build.0 = Debug|Any CPU
		{83A0C09A-0CC8-4238-9165-60C079924BDE}.Debug|ARM.ActiveCfg = Debug|ARM
		{83A0C09A-0CC8-4238-9165-60C079924BDE}.Debug|ARM.Build.0 = Debug|ARM
		{83A0C09A-0CC8-4238-9165-60C079924BDE}.Debug|x64.ActiveCfg = Debug|x64
		{83A0C09A-0CC8-4238-9165-60C079924BDE}.Debug|x64.Build.0 = Debug|x64
		{83A0C09A-0CC8-4238-9165-60C079924BDE}.Debug|x86.ActiveCfg = Debug|x86
		{83A0C09A-0CC8-4238-9165-60C079924BDE}.Debug|x86.Build.0 = Debug|x86
		{83A0C09A-0CC8-4238-9165-60C079924BDE}.Release|Any CPU.ActiveCfg = Release|Any CPU
		{83A0C09A-0CC8-4238-9165-60C079924BDE}.Release|Any CPU.Build.0 = Release|Any CPU
		{83A0C09A-0CC8-4238-9165-60C079924BDE}.Release|ARM.ActiveCfg = Release|ARM
		{83A0C09A-0CC8-4238-9165-60C079924BDE}.Release|ARM.Build.0 = Release|ARM
		{83A0C09A-0CC8-4238-9165-60C079924BDE}.Release|x64.ActiveCfg = Release|x64
		{83A0C09A-0CC8-4238-9165-60C079924BDE}.Release|x64.Build.0 = Release|x64
		{83A0C09A-0CC8-4238-9165-60C079924BDE}.Release|x86.ActiveCfg = Release|x86
		{83A0C09A-0CC8-4238-9165-60C079924BDE}.Release|x86.Build.0 = Release|x86
	EndGlobalSection
	GlobalSection(SolutionProperties) = preSolution
		HideSolutionNode = FALSE
	EndGlobalSection
	GlobalSection(TeamFoundationVersionControl) = preSolution
		SccNumberOfProjects = 4
		SccEnterpriseProvider = {4CA58AB2-18FA-4F8D-95D4-32DDF27D184C}
		SccTeamFoundationServer = https://wangx86.visualstudio.com/defaultcollection
		SccProjectUniqueName0 = GamerSky\\GamerSky.csproj
		SccProjectName0 = GamerSky
		SccLocalPath0 = GamerSky
		SccProjectUniqueName1 = GamerSky.Background\\GamerSky.Background.csproj
		SccProjectName1 = GamerSky.Background
		SccLocalPath1 = GamerSky.Background
		SccProjectUniqueName2 = GamerSky.Core\\GamerSky.Core.csproj
		SccProjectName2 = GamerSky.Core
		SccLocalPath2 = GamerSky.Core
		SccLocalPath3 = .
	EndGlobalSection
EndGlobal
